
Microsoft Visual Studio Solution File, Format Version 12.00
# Visual Studio Version 16
VisualStudioVersion = 16.0.33328.57
MinimumVisualStudioVersion = 10.0.40219.1
Project("{FAE04EC0-301F-11D3-BF4B-00C04F79EFBC}") = "RevitAPIWritingDataTextFile", "RevitAPIWritingDataTextFile.csproj", "{BEE05BAB-CC50-4C4E-A59E-9799BD327319}"
EndProject
Global
	GlobalSection(SolutionConfigurationPlatforms) = preSolution
		Debug|Any CPU = Debug|Any CPU
		Release|Any CPU = Release|Any CPU
	EndGlobalSection
	GlobalSection(ProjectConfigurationPlatforms) = postSolution
		{BEE05BAB-CC50-4C4E-A59E-9799BD327319}.Debug|Any CPU.ActiveCfg = Debug|Any CPU
		{BEE05BAB-CC50-4C4E-A59E-9799BD327319}.Debug|Any CPU.Build.0 = Debug|Any CPU
		{BEE05BAB-CC50-4C4E-A59E-9799BD327319}.Release|Any CPU.ActiveCfg = Release|Any CPU
		{BEE05BAB-CC50-4C4E-A59E-9799BD327319}.Release|Any CPU.Build.0 = Release|Any CPU
	EndGlobalSection
	GlobalSection(SolutionProperties) = preSolution
		HideSolutionNode = FALSE
	EndGlobalSection
	GlobalSection(ExtensibilityGlobals) = postSolution
		SolutionGuid = {910AC35E-F132-4011-9B19-F8704C72F3D8}
	EndGlobalSection
EndGlobal
